
Microsoft Visual Studio Solution File, Format Version 12.00
# Visual Studio 14
VisualStudioVersion = 14.0.25420.1
MinimumVisualStudioVersion = 10.0.40219.1
Project("{FAE04EC0-301F-11D3-BF4B-00C04F79EFBC}") = "AudioPlay.Abstractions", "AudioPlay\AudioPlay.Abstractions\AudioPlay.Abstractions.csproj", "{C3DF0EB9-1452-4E71-BDB1-3EFF6056CF1F}"
EndProject
Project("{FAE04EC0-301F-11D3-BF4B-00C04F79EFBC}") = "AudioPlay.Droid", "AudioPlay\AudioPlay.Droid\AudioPlay.Droid.csproj", "{E9CB9C61-2346-44D1-8093-D03EEB40BB4C}"
EndProject
Project("{FAE04EC0-301F-11D3-BF4B-00C04F79EFBC}") = "AudioPlay.iOS", "AudioPlay\AudioPlay.iOS\AudioPlay.iOS.csproj", "{4F747FA4-01DA-434C-9237-AC26D7C6897F}"
EndProject
Project("{FAE04EC0-301F-11D3-BF4B-00C04F79EFBC}") = "AudioPlay.UWP", "AudioPlay\AudioPlay.UWP\AudioPlay.UWP.csproj", "{EFDCD4DF-7CB2-4B58-85A7-E7F08FFE37E6}"
EndProject
Project("{2150E333-8FDC-42A3-9474-1A3956D46DE8}") = "Test", "Test", "{864ECDD8-12D8-4B7C-8155-83A9A329E17E}"
EndProject
Project("{FAE04EC0-301F-11D3-BF4B-00C04F79EFBC}") = "AudioPlayTest", "AudioPlayTest\AudioPlayTest\AudioPlayTest.csproj", "{162815A3-FEFF-4B90-BA0A-15D433CC8D92}"
EndProject
Project("{FAE04EC0-301F-11D3-BF4B-00C04F79EFBC}") = "AudioPlayTest.Droid", "AudioPlayTest\AudioPlayTest.Droid\AudioPlayTest.Droid.csproj", "{0154431C-9FAC-439C-9BEA-0FC5041597FA}"
EndProject
Project("{FAE04EC0-301F-11D3-BF4B-00C04F79EFBC}") = "AudioPlayTest.iOS", "AudioPlayTest\AudioPlayTest.iOS\AudioPlayTest.iOS.csproj", "{2E88F5CB-EDD4-42D9-9603-70C5E2A12C9C}"
EndProject
Project("{FAE04EC0-301F-11D3-BF4B-00C04F79EFBC}") = "AudioPlayTest.UWP", "AudioPlayTest\AudioPlayTest.UWP\AudioPlayTest.UWP.csproj", "{30675F62-4C9E-43A4-A9E0-A443814B4010}"
EndProject
Global
	GlobalSection(SolutionConfigurationPlatforms) = preSolution
		Ad-Hoc|Any CPU = Ad-Hoc|Any CPU
		Ad-Hoc|ARM = Ad-Hoc|ARM
		Ad-Hoc|iPhone = Ad-Hoc|iPhone
		Ad-Hoc|iPhoneSimulator = Ad-Hoc|iPhoneSimulator
		Ad-Hoc|x64 = Ad-Hoc|x64
		Ad-Hoc|x86 = Ad-Hoc|x86
		AppStore|Any CPU = AppStore|Any CPU
		AppStore|ARM = AppStore|ARM
		AppStore|iPhone = AppStore|iPhone
		AppStore|iPhoneSimulator = AppStore|iPhoneSimulator
		AppStore|x64 = AppStore|x64
		AppStore|x86 = AppStore|x86
		Debug|Any CPU = Debug|Any CPU
		Debug|ARM = Debug|ARM
		Debug|iPhone = Debug|iPhone
		Debug|iPhoneSimulator = Debug|iPhoneSimulator
		Debug|x64 = Debug|x64
		Debug|x86 = Debug|x86
		Release|Any CPU = Release|Any CPU
		Release|ARM = Release|ARM
		Release|iPhone = Release|iPhone
		Release|iPhoneSimulator = Release|iPhoneSimulator
		Release|x64 = Release|x64
		Release|x86 = Release|x86
	EndGlobalSection
	GlobalSection(ProjectConfigurationPlatforms) = postSolution
		{C3DF0EB9-1452-4E71-BDB1-3EFF6056CF1F}.Ad-Hoc|Any CPU.ActiveCfg = Release|Any CPU
		{C3DF0EB9-1452-4E71-BDB1-3EFF6056CF1F}.Ad-Hoc|Any CPU.Build.0 = Release|Any CPU
		{C3DF0EB9-1452-4E71-BDB1-3EFF6056CF1F}.Ad-Hoc|ARM.ActiveCfg = Release|Any CPU
		{C3DF0EB9-1452-4E71-BDB1-3EFF6056CF1F}.Ad-Hoc|ARM.Build.0 = Release|Any CPU
		{C3DF0EB9-1452-4E71-BDB1-3EFF6056CF1F}.Ad-Hoc|iPhone.ActiveCfg = Release|Any CPU
		{C3DF0EB9-1452-4E71-BDB1-3EFF6056CF1F}.Ad-Hoc|iPhone.Build.0 = Release|Any CPU
		{C3DF0EB9-1452-4E71-BDB1-3EFF6056CF1F}.Ad-Hoc|iPhoneSimulator.ActiveCfg = Release|Any CPU
		{C3DF0EB9-1452-4E71-BDB1-3EFF6056CF1F}.Ad-Hoc|iPhoneSimulator.Build.0 = Release|Any CPU
		{C3DF0EB9-1452-4E71-BDB1-3EFF6056CF1F}.Ad-Hoc|x64.ActiveCfg = Release|Any CPU
		{C3DF0EB9-1452-4E71-BDB1-3EFF6056CF1F}.Ad-Hoc|x64.Build.0 = Release|Any CPU
		{C3DF0EB9-1452-4E71-BDB1-3EFF6056CF1F}.Ad-Hoc|x86.ActiveCfg = Release|Any CPU
		{C3DF0EB9-1452-4E71-BDB1-3EFF6056CF1F}.Ad-Hoc|x86.Build.0 = Release|Any CPU
		{C3DF0EB9-1452-4E71-BDB1-3EFF6056CF1F}.AppStore|Any CPU.ActiveCfg = Release|Any CPU
		{C3DF0EB9-1452-4E71-BDB1-3EFF6056CF1F}.AppStore|Any CPU.Build.0 = Release|Any CPU
		{C3DF0EB9-1452-4E71-BDB1-3EFF6056CF1F}.AppStore|ARM.ActiveCfg = Release|Any CPU
		{C3DF0EB9-1452-4E71-BDB1-3EFF6056CF1F}.AppStore|ARM.Build.0 = Release|Any CPU
		{C3DF0EB9-1452-4E71-BDB1-3EFF6056CF1F}.AppStore|iPhone.ActiveCfg = Release|Any CPU
		{C3DF0EB9-1452-4E71-BDB1-3EFF6056CF1F}.AppStore|iPhone.Build.0 = Release|Any CPU
		{C3DF0EB9-1452-4E71-BDB1-3EFF6056CF1F}.AppStore|iPhoneSimulator.ActiveCfg = Release|Any CPU
		{C3DF0EB9-1452-4E71-BDB1-3EFF6056CF1F}.AppStore|iPhoneSimulator.Build.0 = Release|Any CPU
		{C3DF0EB9-1452-4E71-BDB1-3EFF6056CF1F}.AppStore|x64.ActiveCfg = Release|Any CPU
		{C3DF0EB9-1452-4E71-BDB1-3EFF6056CF1F}.AppStore|x64.Build.0 = Release|Any CPU
		{C3DF0EB9-1452-4E71-BDB1-3EFF6056CF1F}.AppStore|x86.ActiveCfg = Release|Any CPU
		{C3DF0EB9-1452-4E71-BDB1-3EFF6056CF1F}.AppStore|x86.Build.0 = Release|Any CPU
		{C3DF0EB9-1452-4E71-BDB1-3EFF6056CF1F}.Debug|Any CPU.ActiveCfg = Debug|Any CPU
		{C3DF0EB9-1452-4E71-BDB1-3EFF6056CF1F}.Debug|Any CPU.Build.0 = Debug|Any CPU
		{C3DF0EB9-1452-4E71-BDB1-3EFF6056CF1F}.Debug|ARM.ActiveCfg = Debug|Any CPU
		{C3DF0EB9-1452-4E71-BDB1-3EFF6056CF1F}.Debug|ARM.Build.0 = Debug|Any CPU
		{C3DF0EB9-1452-4E71-BDB1-3EFF6056CF1F}.Debug|iPhone.ActiveCfg = Debug|Any CPU
		{C3DF0EB9-1452-4E71-BDB1-3EFF6056CF1F}.Debug|iPhone.Build.0 = Debug|Any CPU
		{C3DF0EB9-1452-4E71-BDB1-3EFF6056CF1F}.Debug|iPhoneSimulator.ActiveCfg = Debug|Any CPU
		{C3DF0EB9-1452-4E71-BDB1-3EFF6056CF1F}.Debug|iPhoneSimulator.Build.0 = Debug|Any CPU
		{C3DF0EB9-1452-4E71-BDB1-3EFF6056CF1F}.Debug|x64.ActiveCfg = Debug|Any CPU
		{C3DF0EB9-1452-4E71-BDB1-3EFF6056CF1F}.Debug|x64.Build.0 = Debug|Any CPU
		{C3DF0EB9-1452-4E71-BDB1-3EFF6056CF1F}.Debug|x86.ActiveCfg = Debug|Any CPU
		{C3DF0EB9-1452-4E71-BDB1-3EFF6056CF1F}.Debug|x86.Build.0 = Debug|Any CPU
		{C3DF0EB9-1452-4E71-BDB1-3EFF6056CF1F}.Release|Any CPU.ActiveCfg = Release|Any CPU
		{C3DF0EB9-1452-4E71-BDB1-3EFF6056CF1F}.Release|Any CPU.Build.0 = Release|Any CPU
		{C3DF0EB9-1452-4E71-BDB1-3EFF6056CF1F}.Release|ARM.ActiveCfg = Release|Any CPU
		{C3DF0EB9-1452-4E71-BDB1-3EFF6056CF1F}.Release|ARM.Build.0 = Release|Any CPU
		{C3DF0EB9-1452-4E71-BDB1-3EFF6056CF1F}.Release|iPhone.ActiveCfg = Release|Any CPU
		{C3DF0EB9-1452-4E71-BDB1-3EFF6056CF1F}.Release|iPhone.Build.0 = Release|Any CPU
		{C3DF0EB9-1452-4E71-BDB1-3EFF6056CF1F}.Release|iPhoneSimulator.ActiveCfg = Release|Any CPU
		{C3DF0EB9-1452-4E71-BDB1-3EFF6056CF1F}.Release|iPhoneSimulator.Build.0 = Release|Any CPU
		{C3DF0EB9-1452-4E71-BDB1-3EFF6056CF1F}.Release|x64.ActiveCfg = Release|Any CPU
		{C3DF0EB9-1452-4E71-BDB1-3EFF6056CF1F}.Release|x64.Build.0 = Release|Any CPU
		{C3DF0EB9-1452-4E71-BDB1-3EFF6056CF1F}.Release|x86.ActiveCfg = Release|Any CPU
		{C3DF0EB9-1452-4E71-BDB1-3EFF6056CF1F}.Release|x86.Build.0 = Release|Any CPU
		{E9CB9C61-2346-44D1-8093-D03EEB40BB4C}.Ad-Hoc|Any CPU.ActiveCfg = Release|Any CPU
		{E9CB9C61-2346-44D1-8093-D03EEB40BB4C}.Ad-Hoc|Any CPU.Build.0 = Release|Any CPU
		{E9CB9C61-2346-44D1-8093-D03EEB40BB4C}.Ad-Hoc|ARM.ActiveCfg = Release|Any CPU
		{E9CB9C61-2346-44D1-8093-D03EEB40BB4C}.Ad-Hoc|ARM.Build.0 = Release|Any CPU
		{E9CB9C61-2346-44D1-8093-D03EEB40BB4C}.Ad-Hoc|iPhone.ActiveCfg = Release|Any CPU
		{E9CB9C61-2346-44D1-8093-D03EEB40BB4C}.Ad-Hoc|iPhone.Build.0 = Release|Any CPU
		{E9CB9C61-2346-44D1-8093-D03EEB40BB4C}.Ad-Hoc|iPhoneSimulator.ActiveCfg = Release|Any CPU
		{E9CB9C61-2346-44D1-8093-D03EEB40BB4C}.Ad-Hoc|iPhoneSimulator.Build.0 = Release|Any CPU
		{E9CB9C61-2346-44D1-8093-D03EEB40BB4C}.Ad-Hoc|x64.ActiveCfg = Release|Any CPU
		{E9CB9C61-2346-44D1-8093-D03EEB40BB4C}.Ad-Hoc|x64.Build.0 = Release|Any CPU
		{E9CB9C61-2346-44D1-8093-D03EEB40BB4C}.Ad-Hoc|x86.ActiveCfg = Release|Any CPU
		{E9CB9C61-2346-44D1-8093-D03EEB40BB4C}.Ad-Hoc|x86.Build.0 = Release|Any CPU
		{E9CB9C61-2346-44D1-8093-D03EEB40BB4C}.AppStore|Any CPU.ActiveCfg = Release|Any CPU
		{E9CB9C61-2346-44D1-8093-D03EEB40BB4C}.AppStore|Any CPU.Build.0 = Release|Any CPU
		{E9CB9C61-2346-44D1-8093-D03EEB40BB4C}.AppStore|ARM.ActiveCfg = Release|Any CPU
		{E9CB9C61-2346-44D1-8093-D03EEB40BB4C}.AppStore|ARM.Build.0 = Release|Any CPU
		{E9CB9C61-2346-44D1-8093-D03EEB40BB4C}.AppStore|iPhone.ActiveCfg = Release|Any CPU
		{E9CB9C61-2346-44D1-8093-D03EEB40BB4C}.AppStore|iPhone.Build.0 = Release|Any CPU
		{E9CB9C61-2346-44D1-8093-D03EEB40BB4C}.AppStore|iPhoneSimulator.ActiveCfg = Release|Any CPU
		{E9CB9C61-2346-44D1-8093-D03EEB40BB4C}.AppStore|iPhoneSimulator.Build.0 = Release|Any CPU
		{E9CB9C61-2346-44D1-8093-D03EEB40BB4C}.AppStore|x64.ActiveCfg = Release|Any CPU
		{E9CB9C61-2346-44D1-8093-D03EEB40BB4C}.AppStore|x64.Build.0 = Release|Any CPU
		{E9CB9C61-2346-44D1-8093-D03EEB40BB4C}.AppStore|x86.ActiveCfg = Release|Any CPU
		{E9CB9C61-2346-44D1-8093-D03EEB40BB4C}.AppStore|x86.Build.0 = Release|Any CPU
		{E9CB9C61-2346-44D1-8093-D03EEB40BB4C}.Debug|Any CPU.ActiveCfg = Debug|Any CPU
		{E9CB9C61-2346-44D1-8093-D03EEB40BB4C}.Debug|Any CPU.Build.0 = Debug|Any CPU
		{E9CB9C61-2346-44D1-8093-D03EEB40BB4C}.Debug|ARM.ActiveCfg = Debug|Any CPU
		{E9CB9C61-2346-44D1-8093-D03EEB40BB4C}.Debug|ARM.Build.0 = Debug|Any CPU
		{E9CB9C61-2346-44D1-8093-D03EEB40BB4C}.Debug|iPhone.ActiveCfg = Debug|Any CPU
		{E9CB9C61-2346-44D1-8093-D03EEB40BB4C}.Debug|iPhone.Build.0 = Debug|Any CPU
		{E9CB9C61-2346-44D1-8093-D03EEB40BB4C}.Debug|iPhoneSimulator.ActiveCfg = Debug|Any CPU
		{E9CB9C61-2346-44D1-8093-D03EEB40BB4C}.Debug|iPhoneSimulator.Build.0 = Debug|Any CPU
		{E9CB9C61-2346-44D1-8093-D03EEB40BB4C}.Debug|x64.ActiveCfg = Debug|Any CPU
		{E9CB9C61-2346-44D1-8093-D03EEB40BB4C}.Debug|x64.Build.0 = Debug|Any CPU
		{E9CB9C61-2346-44D1-8093-D03EEB40BB4C}.Debug|x86.ActiveCfg = Debug|Any CPU
		{E9CB9C61-2346-44D1-8093-D03EEB40BB4C}.Debug|x86.Build.0 = Debug|Any CPU
		{E9CB9C61-2346-44D1-8093-D03EEB40BB4C}.Release|Any CPU.ActiveCfg = Release|Any CPU
		{E9CB9C61-2346-44D1-8093-D03EEB40BB4C}.Release|Any CPU.Build.0 = Release|Any CPU
		{E9CB9C61-2346-44D1-8093-D03EEB40BB4C}.Release|ARM.ActiveCfg = Release|Any CPU
		{E9CB9C61-2346-44D1-8093-D03EEB40BB4C}.Release|ARM.Build.0 = Release|Any CPU
		{E9CB9C61-2346-44D1-8093-D03EEB40BB4C}.Release|iPhone.ActiveCfg = Release|Any CPU
		{E9CB9C61-2346-44D1-8093-D03EEB40BB4C}.Release|iPhone.Build.0 = Release|Any CPU
		{E9CB9C61-2346-44D1-8093-D03EEB40BB4C}.Release|iPhoneSimulator.ActiveCfg = Release|Any CPU
		{E9CB9C61-2346-44D1-8093-D03EEB40BB4C}.Release|iPhoneSimulator.Build.0 = Release|Any CPU
		{E9CB9C61-2346-44D1-8093-D03EEB40BB4C}.Release|x64.ActiveCfg = Release|Any CPU
		{E9CB9C61-2346-44D1-8093-D03EEB40BB4C}.Release|x64.Build.0 = Release|Any CPU
		{E9CB9C61-2346-44D1-8093-D03EEB40BB4C}.Release|x86.ActiveCfg = Release|Any CPU
		{E9CB9C61-2346-44D1-8093-D03EEB40BB4C}.Release|x86.Build.0 = Release|Any CPU
		{4F747FA4-01DA-434C-9237-AC26D7C6897F}.Ad-Hoc|Any CPU.ActiveCfg = Release|Any CPU
		{4F747FA4-01DA-434C-9237-AC26D7C6897F}.Ad-Hoc|Any CPU.Build.0 = Release|Any CPU
		{4F747FA4-01DA-434C-9237-AC26D7C6897F}.Ad-Hoc|ARM.ActiveCfg = Release|Any CPU
		{4F747FA4-01DA-434C-9237-AC26D7C6897F}.Ad-Hoc|ARM.Build.0 = Release|Any CPU
		{4F747FA4-01DA-434C-9237-AC26D7C6897F}.Ad-Hoc|iPhone.ActiveCfg = Release|Any CPU
		{4F747FA4-01DA-434C-9237-AC26D7C6897F}.Ad-Hoc|iPhone.Build.0 = Release|Any CPU
		{4F747FA4-01DA-434C-9237-AC26D7C6897F}.Ad-Hoc|iPhoneSimulator.ActiveCfg = Release|Any CPU
		{4F747FA4-01DA-434C-9237-AC26D7C6897F}.Ad-Hoc|iPhoneSimulator.Build.0 = Release|Any CPU
		{4F747FA4-01DA-434C-9237-AC26D7C6897F}.Ad-Hoc|x64.ActiveCfg = Release|Any CPU
		{4F747FA4-01DA-434C-9237-AC26D7C6897F}.Ad-Hoc|x64.Build.0 = Release|Any CPU
		{4F747FA4-01DA-434C-9237-AC26D7C6897F}.Ad-Hoc|x86.ActiveCfg = Release|Any CPU
		{4F747FA4-01DA-434C-9237-AC26D7C6897F}.Ad-Hoc|x86.Build.0 = Release|Any CPU
		{4F747FA4-01DA-434C-9237-AC26D7C6897F}.AppStore|Any CPU.ActiveCfg = Release|Any CPU
		{4F747FA4-01DA-434C-9237-AC26D7C6897F}.AppStore|Any CPU.Build.0 = Release|Any CPU
		{4F747FA4-01DA-434C-9237-AC26D7C6897F}.AppStore|ARM.ActiveCfg = Release|Any CPU
		{4F747FA4-01DA-434C-9237-AC26D7C6897F}.AppStore|ARM.Build.0 = Release|Any CPU
		{4F747FA4-01DA-434C-9237-AC26D7C6897F}.AppStore|iPhone.ActiveCfg = Release|Any CPU
		{4F747FA4-01DA-434C-9237-AC26D7C6897F}.AppStore|iPhone.Build.0 = Release|Any CPU
		{4F747FA4-01DA-434C-9237-AC26D7C6897F}.AppStore|iPhoneSimulator.ActiveCfg = Release|Any CPU
		{4F747FA4-01DA-434C-9237-AC26D7C6897F}.AppStore|iPhoneSimulator.Build.0 = Release|Any CPU
		{4F747FA4-01DA-434C-9237-AC26D7C6897F}.AppStore|x64.ActiveCfg = Release|Any CPU
		{4F747FA4-01DA-434C-9237-AC26D7C6897F}.AppStore|x64.Build.0 = Release|Any CPU
		{4F747FA4-01DA-434C-9237-AC26D7C6897F}.AppStore|x86.ActiveCfg = Release|Any CPU
		{4F747FA4-01DA-434C-9237-AC26D7C6897F}.AppStore|x86.Build.0 = Release|Any CPU
		{4F747FA4-01DA-434C-9237-AC26D7C6897F}.Debug|Any CPU.ActiveCfg = Debug|Any CPU
		{4F747FA4-01DA-434C-9237-AC26D7C6897F}.Debug|Any CPU.Build.0 = Debug|Any CPU
		{4F747FA4-01DA-434C-9237-AC26D7C6897F}.Debug|ARM.ActiveCfg = Debug|Any CPU
		{4F747FA4-01DA-434C-9237-AC26D7C6897F}.Debug|ARM.Build.0 = Debug|Any CPU
		{4F747FA4-01DA-434C-9237-AC26D7C6897F}.Debug|iPhone.ActiveCfg = Debug|Any CPU
		{4F747FA4-01DA-434C-9237-AC26D7C6897F}.Debug|iPhone.Build.0 = Debug|Any CPU
		{4F747FA4-01DA-434C-9237-AC26D7C6897F}.Debug|iPhoneSimulator.ActiveCfg = Debug|Any CPU
		{4F747FA4-01DA-434C-9237-AC26D7C6897F}.Debug|iPhoneSimulator.Build.0 = Debug|Any CPU
		{4F747FA4-01DA-434C-9237-AC26D7C6897F}.Debug|x64.ActiveCfg = Debug|Any CPU
		{4F747FA4-01DA-434C-9237-AC26D7C6897F}.Debug|x64.Build.0 = Debug|Any CPU
		{4F747FA4-01DA-434C-9237-AC26D7C6897F}.Debug|x86.ActiveCfg = Debug|Any CPU
		{4F747FA4-01DA-434C-9237-AC26D7C6897F}.Debug|x86.Build.0 = Debug|Any CPU
		{4F747FA4-01DA-434C-9237-AC26D7C6897F}.Release|Any CPU.ActiveCfg = Release|Any CPU
		{4F747FA4-01DA-434C-9237-AC26D7C6897F}.Release|Any CPU.Build.0 = Release|Any CPU
		{4F747FA4-01DA-434C-9237-AC26D7C6897F}.Release|ARM.ActiveCfg = Release|Any CPU
		{4F747FA4-01DA-434C-9237-AC26D7C6897F}.Release|ARM.Build.0 = Release|Any CPU
		{4F747FA4-01DA-434C-9237-AC26D7C6897F}.Release|iPhone.ActiveCfg = Release|Any CPU
		{4F747FA4-01DA-434C-9237-AC26D7C6897F}.Release|iPhone.Build.0 = Release|Any CPU
		{4F747FA4-01DA-434C-9237-AC26D7C6897F}.Release|iPhoneSimulator.ActiveCfg = Release|Any CPU
		{4F747FA4-01DA-434C-9237-AC26D7C6897F}.Release|iPhoneSimulator.Build.0 = Release|Any CPU
		{4F747FA4-01DA-434C-9237-AC26D7C6897F}.Release|x64.ActiveCfg = Release|Any CPU
		{4F747FA4-01DA-434C-9237-AC26D7C6897F}.Release|x64.Build.0 = Release|Any CPU
		{4F747FA4-01DA-434C-9237-AC26D7C6897F}.Release|x86.ActiveCfg = Release|Any CPU
		{4F747FA4-01DA-434C-9237-AC26D7C6897F}.Release|x86.Build.0 = Release|Any CPU
		{EFDCD4DF-7CB2-4B58-85A7-E7F08FFE37E6}.Ad-Hoc|Any CPU.ActiveCfg = Release|Any CPU
		{EFDCD4DF-7CB2-4B58-85A7-E7F08FFE37E6}.Ad-Hoc|Any CPU.Build.0 = Release|Any CPU
		{EFDCD4DF-7CB2-4B58-85A7-E7F08FFE37E6}.Ad-Hoc|ARM.ActiveCfg = Release|ARM
		{EFDCD4DF-7CB2-4B58-85A7-E7F08FFE37E6}.Ad-Hoc|ARM.Build.0 = Release|ARM
		{EFDCD4DF-7CB2-4B58-85A7-E7F08FFE37E6}.Ad-Hoc|iPhone.ActiveCfg = Release|Any CPU
		{EFDCD4DF-7CB2-4B58-85A7-E7F08FFE37E6}.Ad-Hoc|iPhone.Build.0 = Release|Any CPU
		{EFDCD4DF-7CB2-4B58-85A7-E7F08FFE37E6}.Ad-Hoc|iPhoneSimulator.ActiveCfg = Release|Any CPU
		{EFDCD4DF-7CB2-4B58-85A7-E7F08FFE37E6}.Ad-Hoc|iPhoneSimulator.Build.0 = Release|Any CPU
		{EFDCD4DF-7CB2-4B58-85A7-E7F08FFE37E6}.Ad-Hoc|x64.ActiveCfg = Release|x64
		{EFDCD4DF-7CB2-4B58-85A7-E7F08FFE37E6}.Ad-Hoc|x64.Build.0 = Release|x64
		{EFDCD4DF-7CB2-4B58-85A7-E7F08FFE37E6}.Ad-Hoc|x86.ActiveCfg = Release|x86
		{EFDCD4DF-7CB2-4B58-85A7-E7F08FFE37E6}.Ad-Hoc|x86.Build.0 = Release|x86
		{EFDCD4DF-7CB2-4B58-85A7-E7F08FFE37E6}.AppStore|Any CPU.ActiveCfg = Release|Any CPU
		{EFDCD4DF-7CB2-4B58-85A7-E7F08FFE37E6}.AppStore|Any CPU.Build.0 = Release|Any CPU
		{EFDCD4DF-7CB2-4B58-85A7-E7F08FFE37E6}.AppStore|ARM.ActiveCfg = Release|ARM
		{EFDCD4DF-7CB2-4B58-85A7-E7F08FFE37E6}.AppStore|ARM.Build.0 = Release|ARM
		{EFDCD4DF-7CB2-4B58-85A7-E7F08FFE37E6}.AppStore|iPhone.ActiveCfg = Release|Any CPU
		{EFDCD4DF-7CB2-4B58-85A7-E7F08FFE37E6}.AppStore|iPhone.Build.0 = Release|Any CPU
		{EFDCD4DF-7CB2-4B58-85A7-E7F08FFE37E6}.AppStore|iPhoneSimulator.ActiveCfg = Release|Any CPU
		{EFDCD4DF-7CB2-4B58-85A7-E7F08FFE37E6}.AppStore|iPhoneSimulator.Build.0 = Release|Any CPU
		{EFDCD4DF-7CB2-4B58-85A7-E7F08FFE37E6}.AppStore|x64.ActiveCfg = Release|x64
		{EFDCD4DF-7CB2-4B58-85A7-E7F08FFE37E6}.AppStore|x64.Build.0 = Release|x64
		{EFDCD4DF-7CB2-4B58-85A7-E7F08FFE37E6}.AppStore|x86.ActiveCfg = Release|x86
		{EFDCD4DF-7CB2-4B58-85A7-E7F08FFE37E6}.AppStore|x86.Build.0 = Release|x86
		{EFDCD4DF-7CB2-4B58-85A7-E7F08FFE37E6}.Debug|Any CPU.ActiveCfg = Debug|Any CPU
		{EFDCD4DF-7CB2-4B58-85A7-E7F08FFE37E6}.Debug|Any CPU.Build.0 = Debug|Any CPU
		{EFDCD4DF-7CB2-4B58-85A7-E7F08FFE37E6}.Debug|ARM.ActiveCfg = Debug|ARM
		{EFDCD4DF-7CB2-4B58-85A7-E7F08FFE37E6}.Debug|ARM.Build.0 = Debug|ARM
		{EFDCD4DF-7CB2-4B58-85A7-E7F08FFE37E6}.Debug|iPhone.ActiveCfg = Debug|Any CPU
		{EFDCD4DF-7CB2-4B58-85A7-E7F08FFE37E6}.Debug|iPhone.Build.0 = Debug|Any CPU
		{EFDCD4DF-7CB2-4B58-85A7-E7F08FFE37E6}.Debug|iPhoneSimulator.ActiveCfg = Debug|Any CPU
		{EFDCD4DF-7CB2-4B58-85A7-E7F08FFE37E6}.Debug|iPhoneSimulator.Build.0 = Debug|Any CPU
		{EFDCD4DF-7CB2-4B58-85A7-E7F08FFE37E6}.Debug|x64.ActiveCfg = Debug|x64
		{EFDCD4DF-7CB2-4B58-85A7-E7F08FFE37E6}.Debug|x64.Build.0 = Debug|x64
		{EFDCD4DF-7CB2-4B58-85A7-E7F08FFE37E6}.Debug|x86.ActiveCfg = Debug|x86
		{EFDCD4DF-7CB2-4B58-85A7-E7F08FFE37E6}.Debug|x86.Build.0 = Debug|x86
		{EFDCD4DF-7CB2-4B58-85A7-E7F08FFE37E6}.Release|Any CPU.ActiveCfg = Release|Any CPU
		{EFDCD4DF-7CB2-4B58-85A7-E7F08FFE37E6}.Release|Any CPU.Build.0 = Release|Any CPU
		{EFDCD4DF-7CB2-4B58-85A7-E7F08FFE37E6}.Release|ARM.ActiveCfg = Release|ARM
		{EFDCD4DF-7CB2-4B58-85A7-E7F08FFE37E6}.Release|ARM.Build.0 = Release|ARM
		{EFDCD4DF-7CB2-4B58-85A7-E7F08FFE37E6}.Release|iPhone.ActiveCfg = Release|Any CPU
		{EFDCD4DF-7CB2-4B58-85A7-E7F08FFE37E6}.Release|iPhone.Build.0 = Release|Any CPU
		{EFDCD4DF-7CB2-4B58-85A7-E7F08FFE37E6}.Release|iPhoneSimulator.ActiveCfg = Release|Any CPU
		{EFDCD4DF-7CB2-4B58-85A7-E7F08FFE37E6}.Release|iPhoneSimulator.Build.0 = Release|Any CPU
		{EFDCD4DF-7CB2-4B58-85A7-E7F08FFE37E6}.Release|x64.ActiveCfg = Release|x64
		{EFDCD4DF-7CB2-4B58-85A7-E7F08FFE37E6}.Release|x64.Build.0 = Release|x64
		{EFDCD4DF-7CB2-4B58-85A7-E7F08FFE37E6}.Release|x86.ActiveCfg = Release|x86
		{EFDCD4DF-7CB2-4B58-85A7-E7F08FFE37E6}.Release|x86.Build.0 = Release|x86
		{162815A3-FEFF-4B90-BA0A-15D433CC8D92}.Ad-Hoc|Any CPU.ActiveCfg = Release|Any CPU
		{162815A3-FEFF-4B90-BA0A-15D433CC8D92}.Ad-Hoc|Any CPU.Build.0 = Release|Any CPU
		{162815A3-FEFF-4B90-BA0A-15D433CC8D92}.Ad-Hoc|ARM.ActiveCfg = Release|Any CPU
		{162815A3-FEFF-4B90-BA0A-15D433CC8D92}.Ad-Hoc|ARM.Build.0 = Release|Any CPU
		{162815A3-FEFF-4B90-BA0A-15D433CC8D92}.Ad-Hoc|iPhone.ActiveCfg = Release|Any CPU
		{162815A3-FEFF-4B90-BA0A-15D433CC8D92}.Ad-Hoc|iPhone.Build.0 = Release|Any CPU
		{162815A3-FEFF-4B90-BA0A-15D433CC8D92}.Ad-Hoc|iPhoneSimulator.ActiveCfg = Release|Any CPU
		{162815A3-FEFF-4B90-BA0A-15D433CC8D92}.Ad-Hoc|iPhoneSimulator.Build.0 = Release|Any CPU
		{162815A3-FEFF-4B90-BA0A-15D433CC8D92}.Ad-Hoc|x64.ActiveCfg = Release|Any CPU
		{162815A3-FEFF-4B90-BA0A-15D433CC8D92}.Ad-Hoc|x64.Build.0 = Release|Any CPU
		{162815A3-FEFF-4B90-BA0A-15D433CC8D92}.Ad-Hoc|x86.ActiveCfg = Release|Any CPU
		{162815A3-FEFF-4B90-BA0A-15D433CC8D92}.Ad-Hoc|x86.Build.0 = Release|Any CPU
		{162815A3-FEFF-4B90-BA0A-15D433CC8D92}.AppStore|Any CPU.ActiveCfg = Release|Any CPU
		{162815A3-FEFF-4B90-BA0A-15D433CC8D92}.AppStore|Any CPU.Build.0 = Release|Any CPU
		{162815A3-FEFF-4B90-BA0A-15D433CC8D92}.AppStore|ARM.ActiveCfg = Release|Any CPU
		{162815A3-FEFF-4B90-BA0A-15D433CC8D92}.AppStore|ARM.Build.0 = Release|Any CPU
		{162815A3-FEFF-4B90-BA0A-15D433CC8D92}.AppStore|iPhone.ActiveCfg = Release|Any CPU
		{162815A3-FEFF-4B90-BA0A-15D433CC8D92}.AppStore|iPhone.Build.0 = Release|Any CPU
		{162815A3-FEFF-4B90-BA0A-15D433CC8D92}.AppStore|iPhoneSimulator.ActiveCfg = Release|Any CPU
		{162815A3-FEFF-4B90-BA0A-15D433CC8D92}.AppStore|iPhoneSimulator.Build.0 = Release|Any CPU
		{162815A3-FEFF-4B90-BA0A-15D433CC8D92}.AppStore|x64.ActiveCfg = Release|Any CPU
		{162815A3-FEFF-4B90-BA0A-15D433CC8D92}.AppStore|x64.Build.0 = Release|Any CPU
		{162815A3-FEFF-4B90-BA0A-15D433CC8D92}.AppStore|x86.ActiveCfg = Release|Any CPU
		{162815A3-FEFF-4B90-BA0A-15D433CC8D92}.AppStore|x86.Build.0 = Release|Any CPU
		{162815A3-FEFF-4B90-BA0A-15D433CC8D92}.Debug|Any CPU.ActiveCfg = Debug|Any CPU
		{162815A3-FEFF-4B90-BA0A-15D433CC8D92}.Debug|Any CPU.Build.0 = Debug|Any CPU
		{162815A3-FEFF-4B90-BA0A-15D433CC8D92}.Debug|ARM.ActiveCfg = Debug|Any CPU
		{162815A3-FEFF-4B90-BA0A-15D433CC8D92}.Debug|ARM.Build.0 = Debug|Any CPU
		{162815A3-FEFF-4B90-BA0A-15D433CC8D92}.Debug|iPhone.ActiveCfg = Debug|Any CPU
		{162815A3-FEFF-4B90-BA0A-15D433CC8D92}.Debug|iPhone.Build.0 = Debug|Any CPU
		{162815A3-FEFF-4B90-BA0A-15D433CC8D92}.Debug|iPhoneSimulator.ActiveCfg = Debug|Any CPU
		{162815A3-FEFF-4B90-BA0A-15D433CC8D92}.Debug|iPhoneSimulator.Build.0 = Debug|Any CPU
		{162815A3-FEFF-4B90-BA0A-15D433CC8D92}.Debug|x64.ActiveCfg = Debug|Any CPU
		{162815A3-FEFF-4B90-BA0A-15D433CC8D92}.Debug|x64.Build.0 = Debug|Any CPU
		{162815A3-FEFF-4B90-BA0A-15D433CC8D92}.Debug|x86.ActiveCfg = Debug|Any CPU
		{162815A3-FEFF-4B90-BA0A-15D433CC8D92}.Debug|x86.Build.0 = Debug|Any CPU
		{162815A3-FEFF-4B90-BA0A-15D433CC8D92}.Release|Any CPU.ActiveCfg = Release|Any CPU
		{162815A3-FEFF-4B90-BA0A-15D433CC8D92}.Release|Any CPU.Build.0 = Release|Any CPU
		{162815A3-FEFF-4B90-BA0A-15D433CC8D92}.Release|ARM.ActiveCfg = Release|Any CPU
		{162815A3-FEFF-4B90-BA0A-15D433CC8D92}.Release|ARM.Build.0 = Release|Any CPU
		{162815A3-FEFF-4B90-BA0A-15D433CC8D92}.Release|iPhone.ActiveCfg = Release|Any CPU
		{162815A3-FEFF-4B90-BA0A-15D433CC8D92}.Release|iPhone.Build.0 = Release|Any CPU
		{162815A3-FEFF-4B90-BA0A-15D433CC8D92}.Release|iPhoneSimulator.ActiveCfg = Release|Any CPU
		{162815A3-FEFF-4B90-BA0A-15D433CC8D92}.Release|iPhoneSimulator.Build.0 = Release|Any CPU
		{162815A3-FEFF-4B90-BA0A-15D433CC8D92}.Release|x64.ActiveCfg = Release|Any CPU
		{162815A3-FEFF-4B90-BA0A-15D433CC8D92}.Release|x64.Build.0 = Release|Any CPU
		{162815A3-FEFF-4B90-BA0A-15D433CC8D92}.Release|x86.ActiveCfg = Release|Any CPU
		{162815A3-FEFF-4B90-BA0A-15D433CC8D92}.Release|x86.Build.0 = Release|Any CPU
		{0154431C-9FAC-439C-9BEA-0FC5041597FA}.Ad-Hoc|Any CPU.ActiveCfg = Release|Any CPU
		{0154431C-9FAC-439C-9BEA-0FC5041597FA}.Ad-Hoc|Any CPU.Build.0 = Release|Any CPU
		{0154431C-9FAC-439C-9BEA-0FC5041597FA}.Ad-Hoc|Any CPU.Deploy.0 = Release|Any CPU
		{0154431C-9FAC-439C-9BEA-0FC5041597FA}.Ad-Hoc|ARM.ActiveCfg = Release|Any CPU
		{0154431C-9FAC-439C-9BEA-0FC5041597FA}.Ad-Hoc|ARM.Build.0 = Release|Any CPU
		{0154431C-9FAC-439C-9BEA-0FC5041597FA}.Ad-Hoc|ARM.Deploy.0 = Release|Any CPU
		{0154431C-9FAC-439C-9BEA-0FC5041597FA}.Ad-Hoc|iPhone.ActiveCfg = Release|Any CPU
		{0154431C-9FAC-439C-9BEA-0FC5041597FA}.Ad-Hoc|iPhone.Build.0 = Release|Any CPU
		{0154431C-9FAC-439C-9BEA-0FC5041597FA}.Ad-Hoc|iPhone.Deploy.0 = Release|Any CPU
		{0154431C-9FAC-439C-9BEA-0FC5041597FA}.Ad-Hoc|iPhoneSimulator.ActiveCfg = Release|Any CPU
		{0154431C-9FAC-439C-9BEA-0FC5041597FA}.Ad-Hoc|iPhoneSimulator.Build.0 = Release|Any CPU
		{0154431C-9FAC-439C-9BEA-0FC5041597FA}.Ad-Hoc|iPhoneSimulator.Deploy.0 = Release|Any CPU
		{0154431C-9FAC-439C-9BEA-0FC5041597FA}.Ad-Hoc|x64.ActiveCfg = Release|Any CPU
		{0154431C-9FAC-439C-9BEA-0FC5041597FA}.Ad-Hoc|x64.Build.0 = Release|Any CPU
		{0154431C-9FAC-439C-9BEA-0FC5041597FA}.Ad-Hoc|x64.Deploy.0 = Release|Any CPU
		{0154431C-9FAC-439C-9BEA-0FC5041597FA}.Ad-Hoc|x86.ActiveCfg = Release|Any CPU
		{0154431C-9FAC-439C-9BEA-0FC5041597FA}.Ad-Hoc|x86.Build.0 = Release|Any CPU
		{0154431C-9FAC-439C-9BEA-0FC5041597FA}.Ad-Hoc|x86.Deploy.0 = Release|Any CPU
		{0154431C-9FAC-439C-9BEA-0FC5041597FA}.AppStore|Any CPU.ActiveCfg = Release|Any CPU
		{0154431C-9FAC-439C-9BEA-0FC5041597FA}.AppStore|Any CPU.Build.0 = Release|Any CPU
		{0154431C-9FAC-439C-9BEA-0FC5041597FA}.AppStore|Any CPU.Deploy.0 = Release|Any CPU
		{0154431C-9FAC-439C-9BEA-0FC5041597FA}.AppStore|ARM.ActiveCfg = Release|Any CPU
		{0154431C-9FAC-439C-9BEA-0FC5041597FA}.AppStore|ARM.Build.0 = Release|Any CPU
		{0154431C-9FAC-439C-9BEA-0FC5041597FA}.AppStore|ARM.Deploy.0 = Release|Any CPU
		{0154431C-9FAC-439C-9BEA-0FC5041597FA}.AppStore|iPhone.ActiveCfg = Release|Any CPU
		{0154431C-9FAC-439C-9BEA-0FC5041597FA}.AppStore|iPhone.Build.0 = Release|Any CPU
		{0154431C-9FAC-439C-9BEA-0FC5041597FA}.AppStore|iPhone.Deploy.0 = Release|Any CPU
		{0154431C-9FAC-439C-9BEA-0FC5041597FA}.AppStore|iPhoneSimulator.ActiveCfg = Release|Any CPU
		{0154431C-9FAC-439C-9BEA-0FC5041597FA}.AppStore|iPhoneSimulator.Build.0 = Release|Any CPU
		{0154431C-9FAC-439C-9BEA-0FC5041597FA}.AppStore|iPhoneSimulator.Deploy.0 = Release|Any CPU
		{0154431C-9FAC-439C-9BEA-0FC5041597FA}.AppStore|x64.ActiveCfg = Release|Any CPU
		{0154431C-9FAC-439C-9BEA-0FC5041597FA}.AppStore|x64.Build.0 = Release|Any CPU
		{0154431C-9FAC-439C-9BEA-0FC5041597FA}.AppStore|x64.Deploy.0 = Release|Any CPU
		{0154431C-9FAC-439C-9BEA-0FC5041597FA}.AppStore|x86.ActiveCfg = Release|Any CPU
		{0154431C-9FAC-439C-9BEA-0FC5041597FA}.AppStore|x86.Build.0 = Release|Any CPU
		{0154431C-9FAC-439C-9BEA-0FC5041597FA}.AppStore|x86.Deploy.0 = Release|Any CPU
		{0154431C-9FAC-439C-9BEA-0FC5041597FA}.Debug|Any CPU.ActiveCfg = Debug|Any CPU
		{0154431C-9FAC-439C-9BEA-0FC5041597FA}.Debug|Any CPU.Build.0 = Debug|Any CPU
		{0154431C-9FAC-439C-9BEA-0FC5041597FA}.Debug|Any CPU.Deploy.0 = Debug|Any CPU
		{0154431C-9FAC-439C-9BEA-0FC5041597FA}.Debug|ARM.ActiveCfg = Debug|Any CPU
		{0154431C-9FAC-439C-9BEA-0FC5041597FA}.Debug|ARM.Build.0 = Debug|Any CPU
		{0154431C-9FAC-439C-9BEA-0FC5041597FA}.Debug|ARM.Deploy.0 = Debug|Any CPU
		{0154431C-9FAC-439C-9BEA-0FC5041597FA}.Debug|iPhone.ActiveCfg = Debug|Any CPU
		{0154431C-9FAC-439C-9BEA-0FC5041597FA}.Debug|iPhone.Build.0 = Debug|Any CPU
		{0154431C-9FAC-439C-9BEA-0FC5041597FA}.Debug|iPhone.Deploy.0 = Debug|Any CPU
		{0154431C-9FAC-439C-9BEA-0FC5041597FA}.Debug|iPhoneSimulator.ActiveCfg = Debug|Any CPU
		{0154431C-9FAC-439C-9BEA-0FC5041597FA}.Debug|iPhoneSimulator.Build.0 = Debug|Any CPU
		{0154431C-9FAC-439C-9BEA-0FC5041597FA}.Debug|iPhoneSimulator.Deploy.0 = Debug|Any CPU
		{0154431C-9FAC-439C-9BEA-0FC5041597FA}.Debug|x64.ActiveCfg = Debug|Any CPU
		{0154431C-9FAC-439C-9BEA-0FC5041597FA}.Debug|x64.Build.0 = Debug|Any CPU
		{0154431C-9FAC-439C-9BEA-0FC5041597FA}.Debug|x64.Deploy.0 = Debug|Any CPU
		{0154431C-9FAC-439C-9BEA-0FC5041597FA}.Debug|x86.ActiveCfg = Debug|Any CPU
		{0154431C-9FAC-439C-9BEA-0FC5041597FA}.Debug|x86.Build.0 = Debug|Any CPU
		{0154431C-9FAC-439C-9BEA-0FC5041597FA}.Debug|x86.Deploy.0 = Debug|Any CPU
		{0154431C-9FAC-439C-9BEA-0FC5041597FA}.Release|Any CPU.ActiveCfg = Release|Any CPU
		{0154431C-9FAC-439C-9BEA-0FC5041597FA}.Release|Any CPU.Build.0 = Release|Any CPU
		{0154431C-9FAC-439C-9BEA-0FC5041597FA}.Release|Any CPU.Deploy.0 = Release|Any CPU
		{0154431C-9FAC-439C-9BEA-0FC5041597FA}.Release|ARM.ActiveCfg = Release|Any CPU
		{0154431C-9FAC-439C-9BEA-0FC5041597FA}.Release|ARM.Build.0 = Release|Any CPU
		{0154431C-9FAC-439C-9BEA-0FC5041597FA}.Release|ARM.Deploy.0 = Release|Any CPU
		{0154431C-9FAC-439C-9BEA-0FC5041597FA}.Release|iPhone.ActiveCfg = Release|Any CPU
		{0154431C-9FAC-439C-9BEA-0FC5041597FA}.Release|iPhone.Build.0 = Release|Any CPU
		{0154431C-9FAC-439C-9BEA-0FC5041597FA}.Release|iPhone.Deploy.0 = Release|Any CPU
		{0154431C-9FAC-439C-9BEA-0FC5041597FA}.Release|iPhoneSimulator.ActiveCfg = Release|Any CPU
		{0154431C-9FAC-439C-9BEA-0FC5041597FA}.Release|iPhoneSimulator.Build.0 = Release|Any CPU
		{0154431C-9FAC-439C-9BEA-0FC5041597FA}.Release|iPhoneSimulator.Deploy.0 = Release|Any CPU
		{0154431C-9FAC-439C-9BEA-0FC5041597FA}.Release|x64.ActiveCfg = Release|Any CPU
		{0154431C-9FAC-439C-9BEA-0FC5041597FA}.Release|x64.Build.0 = Release|Any CPU
		{0154431C-9FAC-439C-9BEA-0FC5041597FA}.Release|x64.Deploy.0 = Release|Any CPU
		{0154431C-9FAC-439C-9BEA-0FC5041597FA}.Release|x86.ActiveCfg = Release|Any CPU
		{0154431C-9FAC-439C-9BEA-0FC5041597FA}.Release|x86.Build.0 = Release|Any CPU
		{0154431C-9FAC-439C-9BEA-0FC5041597FA}.Release|x86.Deploy.0 = Release|Any CPU
		{2E88F5CB-EDD4-42D9-9603-70C5E2A12C9C}.Ad-Hoc|Any CPU.ActiveCfg = Ad-Hoc|iPhone
		{2E88F5CB-EDD4-42D9-9603-70C5E2A12C9C}.Ad-Hoc|ARM.ActiveCfg = Ad-Hoc|iPhone
		{2E88F5CB-EDD4-42D9-9603-70C5E2A12C9C}.Ad-Hoc|iPhone.ActiveCfg = Ad-Hoc|iPhone
		{2E88F5CB-EDD4-42D9-9603-70C5E2A12C9C}.Ad-Hoc|iPhone.Build.0 = Ad-Hoc|iPhone
		{2E88F5CB-EDD4-42D9-9603-70C5E2A12C9C}.Ad-Hoc|iPhoneSimulator.ActiveCfg = Ad-Hoc|iPhoneSimulator
		{2E88F5CB-EDD4-42D9-9603-70C5E2A12C9C}.Ad-Hoc|iPhoneSimulator.Build.0 = Ad-Hoc|iPhoneSimulator
		{2E88F5CB-EDD4-42D9-9603-70C5E2A12C9C}.Ad-Hoc|x64.ActiveCfg = Ad-Hoc|iPhone
		{2E88F5CB-EDD4-42D9-9603-70C5E2A12C9C}.Ad-Hoc|x86.ActiveCfg = Ad-Hoc|iPhone
		{2E88F5CB-EDD4-42D9-9603-70C5E2A12C9C}.AppStore|Any CPU.ActiveCfg = AppStore|iPhone
		{2E88F5CB-EDD4-42D9-9603-70C5E2A12C9C}.AppStore|ARM.ActiveCfg = AppStore|iPhone
		{2E88F5CB-EDD4-42D9-9603-70C5E2A12C9C}.AppStore|iPhone.ActiveCfg = AppStore|iPhone
		{2E88F5CB-EDD4-42D9-9603-70C5E2A12C9C}.AppStore|iPhone.Build.0 = AppStore|iPhone
		{2E88F5CB-EDD4-42D9-9603-70C5E2A12C9C}.AppStore|iPhoneSimulator.ActiveCfg = AppStore|iPhoneSimulator
		{2E88F5CB-EDD4-42D9-9603-70C5E2A12C9C}.AppStore|iPhoneSimulator.Build.0 = AppStore|iPhoneSimulator
		{2E88F5CB-EDD4-42D9-9603-70C5E2A12C9C}.AppStore|x64.ActiveCfg = AppStore|iPhone
		{2E88F5CB-EDD4-42D9-9603-70C5E2A12C9C}.AppStore|x86.ActiveCfg = AppStore|iPhone
		{2E88F5CB-EDD4-42D9-9603-70C5E2A12C9C}.Debug|Any CPU.ActiveCfg = Debug|iPhone
		{2E88F5CB-EDD4-42D9-9603-70C5E2A12C9C}.Debug|ARM.ActiveCfg = Debug|iPhone
		{2E88F5CB-EDD4-42D9-9603-70C5E2A12C9C}.Debug|iPhone.ActiveCfg = Debug|iPhone
		{2E88F5CB-EDD4-42D9-9603-70C5E2A12C9C}.Debug|iPhone.Build.0 = Debug|iPhone
		{2E88F5CB-EDD4-42D9-9603-70C5E2A12C9C}.Debug|iPhoneSimulator.ActiveCfg = Debug|iPhoneSimulator
		{2E88F5CB-EDD4-42D9-9603-70C5E2A12C9C}.Debug|iPhoneSimulator.Build.0 = Debug|iPhoneSimulator
		{2E88F5CB-EDD4-42D9-9603-70C5E2A12C9C}.Debug|x64.ActiveCfg = Debug|iPhone
		{2E88F5CB-EDD4-42D9-9603-70C5E2A12C9C}.Debug|x86.ActiveCfg = Debug|iPhone
		{2E88F5CB-EDD4-42D9-9603-70C5E2A12C9C}.Release|Any CPU.ActiveCfg = Release|iPhone
		{2E88F5CB-EDD4-42D9-9603-70C5E2A12C9C}.Release|ARM.ActiveCfg = Release|iPhone
		{2E88F5CB-EDD4-42D9-9603-70C5E2A12C9C}.Release|iPhone.ActiveCfg = Release|iPhone
		{2E88F5CB-EDD4-42D9-9603-70C5E2A12C9C}.Release|iPhone.Build.0 = Release|iPhone
		{2E88F5CB-EDD4-42D9-9603-70C5E2A12C9C}.Release|iPhoneSimulator.ActiveCfg = Release|iPhoneSimulator
		{2E88F5CB-EDD4-42D9-9603-70C5E2A12C9C}.Release|iPhoneSimulator.Build.0 = Release|iPhoneSimulator
		{2E88F5CB-EDD4-42D9-9603-70C5E2A12C9C}.Release|x64.ActiveCfg = Release|iPhone
		{2E88F5CB-EDD4-42D9-9603-70C5E2A12C9C}.Release|x86.ActiveCfg = Release|iPhone
		{30675F62-4C9E-43A4-A9E0-A443814B4010}.Ad-Hoc|Any CPU.ActiveCfg = Release|x86
		{30675F62-4C9E-43A4-A9E0-A443814B4010}.Ad-Hoc|Any CPU.Build.0 = Release|x86
		{30675F62-4C9E-43A4-A9E0-A443814B4010}.Ad-Hoc|Any CPU.Deploy.0 = Release|x86
		{30675F62-4C9E-43A4-A9E0-A443814B4010}.Ad-Hoc|ARM.ActiveCfg = Release|ARM
		{30675F62-4C9E-43A4-A9E0-A443814B4010}.Ad-Hoc|ARM.Build.0 = Release|ARM
		{30675F62-4C9E-43A4-A9E0-A443814B4010}.Ad-Hoc|ARM.Deploy.0 = Release|ARM
		{30675F62-4C9E-43A4-A9E0-A443814B4010}.Ad-Hoc|iPhone.ActiveCfg = Release|x86
		{30675F62-4C9E-43A4-A9E0-A443814B4010}.Ad-Hoc|iPhone.Build.0 = Release|x86
		{30675F62-4C9E-43A4-A9E0-A443814B4010}.Ad-Hoc|iPhone.Deploy.0 = Release|x86
		{30675F62-4C9E-43A4-A9E0-A443814B4010}.Ad-Hoc|iPhoneSimulator.ActiveCfg = Release|x86
		{30675F62-4C9E-43A4-A9E0-A443814B4010}.Ad-Hoc|iPhoneSimulator.Build.0 = Release|x86
		{30675F62-4C9E-43A4-A9E0-A443814B4010}.Ad-Hoc|iPhoneSimulator.Deploy.0 = Release|x86
		{30675F62-4C9E-43A4-A9E0-A443814B4010}.Ad-Hoc|x64.ActiveCfg = Release|x64
		{30675F62-4C9E-43A4-A9E0-A443814B4010}.Ad-Hoc|x64.Build.0 = Release|x64
		{30675F62-4C9E-43A4-A9E0-A443814B4010}.Ad-Hoc|x64.Deploy.0 = Release|x64
		{30675F62-4C9E-43A4-A9E0-A443814B4010}.Ad-Hoc|x86.ActiveCfg = Release|x86
		{30675F62-4C9E-43A4-A9E0-A443814B4010}.Ad-Hoc|x86.Build.0 = Release|x86
		{30675F62-4C9E-43A4-A9E0-A443814B4010}.Ad-Hoc|x86.Deploy.0 = Release|x86
		{30675F62-4C9E-43A4-A9E0-A443814B4010}.AppStore|Any CPU.ActiveCfg = Release|x86
		{30675F62-4C9E-43A4-A9E0-A443814B4010}.AppStore|Any CPU.Build.0 = Release|x86
		{30675F62-4C9E-43A4-A9E0-A443814B4010}.AppStore|Any CPU.Deploy.0 = Release|x86
		{30675F62-4C9E-43A4-A9E0-A443814B4010}.AppStore|ARM.ActiveCfg = Release|ARM
		{30675F62-4C9E-43A4-A9E0-A443814B4010}.AppStore|ARM.Build.0 = Release|ARM
		{30675F62-4C9E-43A4-A9E0-A443814B4010}.AppStore|ARM.Deploy.0 = Release|ARM
		{30675F62-4C9E-43A4-A9E0-A443814B4010}.AppStore|iPhone.ActiveCfg = Release|x86
		{30675F62-4C9E-43A4-A9E0-A443814B4010}.AppStore|iPhone.Build.0 = Release|x86
		{30675F62-4C9E-43A4-A9E0-A443814B4010}.AppStore|iPhone.Deploy.0 = Release|x86
		{30675F62-4C9E-43A4-A9E0-A443814B4010}.AppStore|iPhoneSimulator.ActiveCfg = Release|x86
		{30675F62-4C9E-43A4-A9E0-A443814B4010}.AppStore|iPhoneSimulator.Build.0 = Release|x86
		{30675F62-4C9E-43A4-A9E0-A443814B4010}.AppStore|iPhoneSimulator.Deploy.0 = Release|x86
		{30675F62-4C9E-43A4-A9E0-A443814B4010}.AppStore|x64.ActiveCfg = Release|x64
		{30675F62-4C9E-43A4-A9E0-A443814B4010}.AppStore|x64.Build.0 = Release|x64
		{30675F62-4C9E-43A4-A9E0-A443814B4010}.AppStore|x64.Deploy.0 = Release|x64
		{30675F62-4C9E-43A4-A9E0-A443814B4010}.AppStore|x86.ActiveCfg = Release|x86
		{30675F62-4C9E-43A4-A9E0-A443814B4010}.AppStore|x86.Build.0 = Release|x86
		{30675F62-4C9E-43A4-A9E0-A443814B4010}.AppStore|x86.Deploy.0 = Release|x86
		{30675F62-4C9E-43A4-A9E0-A443814B4010}.Debug|Any CPU.ActiveCfg = Debug|x86
		{30675F62-4C9E-43A4-A9E0-A443814B4010}.Debug|ARM.ActiveCfg = Debug|ARM
		{30675F62-4C9E-43A4-A9E0-A443814B4010}.Debug|ARM.Build.0 = Debug|ARM
		{30675F62-4C9E-43A4-A9E0-A443814B4010}.Debug|ARM.Deploy.0 = Debug|ARM
		{30675F62-4C9E-43A4-A9E0-A443814B4010}.Debug|iPhone.ActiveCfg = Debug|x86
		{30675F62-4C9E-43A4-A9E0-A443814B4010}.Debug|iPhoneSimulator.ActiveCfg = Debug|x86
		{30675F62-4C9E-43A4-A9E0-A443814B4010}.Debug|x64.ActiveCfg = Debug|x64
		{30675F62-4C9E-43A4-A9E0-A443814B4010}.Debug|x64.Build.0 = Debug|x64
		{30675F62-4C9E-43A4-A9E0-A443814B4010}.Debug|x64.Deploy.0 = Debug|x64
		{30675F62-4C9E-43A4-A9E0-A443814B4010}.Debug|x86.ActiveCfg = Debug|x86
		{30675F62-4C9E-43A4-A9E0-A443814B4010}.Debug|x86.Build.0 = Debug|x86
		{30675F62-4C9E-43A4-A9E0-A443814B4010}.Debug|x86.Deploy.0 = Debug|x86
		{30675F62-4C9E-43A4-A9E0-A443814B4010}.Release|Any CPU.ActiveCfg = Release|x86
		{30675F62-4C9E-43A4-A9E0-A443814B4010}.Release|ARM.ActiveCfg = Release|ARM
		{30675F62-4C9E-43A4-A9E0-A443814B4010}.Release|ARM.Build.0 = Release|ARM
		{30675F62-4C9E-43A4-A9E0-A443814B4010}.Release|ARM.Deploy.0 = Release|ARM
		{30675F62-4C9E-43A4-A9E0-A443814B4010}.Release|iPhone.ActiveCfg = Release|x86
		{30675F62-4C9E-43A4-A9E0-A443814B4010}.Release|iPhoneSimulator.ActiveCfg = Release|x86
		{30675F62-4C9E-43A4-A9E0-A443814B4010}.Release|x64.ActiveCfg = Release|x64
		{30675F62-4C9E-43A4-A9E0-A443814B4010}.Release|x64.Build.0 = Release|x64
		{30675F62-4C9E-43A4-A9E0-A443814B4010}.Release|x64.Deploy.0 = Release|x64
		{30675F62-4C9E-43A4-A9E0-A443814B4010}.Release|x86.ActiveCfg = Release|x86
		{30675F62-4C9E-43A4-A9E0-A443814B4010}.Release|x86.Build.0 = Release|x86
		{30675F62-4C9E-43A4-A9E0-A443814B4010}.Release|x86.Deploy.0 = Release|x86
	EndGlobalSection
	GlobalSection(SolutionProperties) = preSolution
		HideSolutionNode = FALSE
	EndGlobalSection
	GlobalSection(NestedProjects) = preSolution
		{162815A3-FEFF-4B90-BA0A-15D433CC8D92} = {864ECDD8-12D8-4B7C-8155-83A9A329E17E}
		{0154431C-9FAC-439C-9BEA-0FC5041597FA} = {864ECDD8-12D8-4B7C-8155-83A9A329E17E}
		{2E88F5CB-EDD4-42D9-9603-70C5E2A12C9C} = {864ECDD8-12D8-4B7C-8155-83A9A329E17E}
		{30675F62-4C9E-43A4-A9E0-A443814B4010} = {864ECDD8-12D8-4B7C-8155-83A9A329E17E}
	EndGlobalSection
EndGlobal
