
Microsoft Visual Studio Solution File, Format Version 12.00
# Visual Studio 15
VisualStudioVersion = 15.0.26430.6
MinimumVisualStudioVersion = 10.0.40219.1
Project("{9A19103F-16F7-4668-BE54-9A1E7A4F7556}") = "NewBlife.Core.Utilities", "NewBlife.Core.Utilities\NewBlife.Core.Utilities.csproj", "{582B773A-E323-4E6B-A2E5-BD13C89C3619}"
EndProject
Project("{9A19103F-16F7-4668-BE54-9A1E7A4F7556}") = "NewBlife.Core.Extensions", "NewBlife.Core.Extensions\NewBlife.Core.Extensions.csproj", "{986D7BA7-0FDC-467D-9171-B484330E9159}"
EndProject
Global
	GlobalSection(SolutionConfigurationPlatforms) = preSolution
		Debug|Any CPU = Debug|Any CPU
		Release|Any CPU = Release|Any CPU
	EndGlobalSection
	GlobalSection(ProjectConfigurationPlatforms) = postSolution
		{582B773A-E323-4E6B-A2E5-BD13C89C3619}.Debug|Any CPU.ActiveCfg = Debug|Any CPU
		{582B773A-E323-4E6B-A2E5-BD13C89C3619}.Debug|Any CPU.Build.0 = Debug|Any CPU
		{582B773A-E323-4E6B-A2E5-BD13C89C3619}.Release|Any CPU.ActiveCfg = Release|Any CPU
		{582B773A-E323-4E6B-A2E5-BD13C89C3619}.Release|Any CPU.Build.0 = Release|Any CPU
		{986D7BA7-0FDC-467D-9171-B484330E9159}.Debug|Any CPU.ActiveCfg = Debug|Any CPU
		{986D7BA7-0FDC-467D-9171-B484330E9159}.Debug|Any CPU.Build.0 = Debug|Any CPU
		{986D7BA7-0FDC-467D-9171-B484330E9159}.Release|Any CPU.ActiveCfg = Release|Any CPU
		{986D7BA7-0FDC-467D-9171-B484330E9159}.Release|Any CPU.Build.0 = Release|Any CPU
	EndGlobalSection
	GlobalSection(SolutionProperties) = preSolution
		HideSolutionNode = FALSE
	EndGlobalSection
EndGlobal
