
Microsoft Visual Studio Solution File, Format Version 12.00
# Visual Studio 14
VisualStudioVersion = 14.0.25420.1
MinimumVisualStudioVersion = 10.0.40219.1
Project("{FAE04EC0-301F-11D3-BF4B-00C04F79EFBC}") = "BaiduPush.SDK", "BaiduPush.SDK\BaiduPush.SDK.csproj", "{F5F2FD2A-F5F9-49D6-94D2-291EFBB89FBE}"
EndProject
Project("{FAE04EC0-301F-11D3-BF4B-00C04F79EFBC}") = "PushTest", "PushTest\PushTest\PushTest.csproj", "{CF6B18CD-F788-4B79-8CD0-9AA625D7B832}"
EndProject
Project("{FAE04EC0-301F-11D3-BF4B-00C04F79EFBC}") = "PushTest.Droid", "PushTest\PushTest.Droid\PushTest.Droid.csproj", "{8387C483-7C85-4FDC-967B-FC08AF0C89A9}"
EndProject
Project("{2150E333-8FDC-42A3-9474-1A3956D46DE8}") = "Libs", "Libs", "{0717CFAF-2E08-4118-BB75-6283211C20DC}"
	ProjectSection(SolutionItems) = preProject
		Libs\BaiduPush.SDK.dll = Libs\BaiduPush.SDK.dll
	EndProjectSection
EndProject
Global
	GlobalSection(SolutionConfigurationPlatforms) = preSolution
		Debug|Any CPU = Debug|Any CPU
		Release|Any CPU = Release|Any CPU
	EndGlobalSection
	GlobalSection(ProjectConfigurationPlatforms) = postSolution
		{F5F2FD2A-F5F9-49D6-94D2-291EFBB89FBE}.Debug|Any CPU.ActiveCfg = Debug|Any CPU
		{F5F2FD2A-F5F9-49D6-94D2-291EFBB89FBE}.Debug|Any CPU.Build.0 = Debug|Any CPU
		{F5F2FD2A-F5F9-49D6-94D2-291EFBB89FBE}.Release|Any CPU.ActiveCfg = Release|Any CPU
		{F5F2FD2A-F5F9-49D6-94D2-291EFBB89FBE}.Release|Any CPU.Build.0 = Release|Any CPU
		{CF6B18CD-F788-4B79-8CD0-9AA625D7B832}.Debug|Any CPU.ActiveCfg = Debug|Any CPU
		{CF6B18CD-F788-4B79-8CD0-9AA625D7B832}.Debug|Any CPU.Build.0 = Debug|Any CPU
		{CF6B18CD-F788-4B79-8CD0-9AA625D7B832}.Release|Any CPU.ActiveCfg = Release|Any CPU
		{CF6B18CD-F788-4B79-8CD0-9AA625D7B832}.Release|Any CPU.Build.0 = Release|Any CPU
		{8387C483-7C85-4FDC-967B-FC08AF0C89A9}.Debug|Any CPU.ActiveCfg = Debug|Any CPU
		{8387C483-7C85-4FDC-967B-FC08AF0C89A9}.Debug|Any CPU.Build.0 = Debug|Any CPU
		{8387C483-7C85-4FDC-967B-FC08AF0C89A9}.Debug|Any CPU.Deploy.0 = Debug|Any CPU
		{8387C483-7C85-4FDC-967B-FC08AF0C89A9}.Release|Any CPU.ActiveCfg = Release|Any CPU
		{8387C483-7C85-4FDC-967B-FC08AF0C89A9}.Release|Any CPU.Build.0 = Release|Any CPU
		{8387C483-7C85-4FDC-967B-FC08AF0C89A9}.Release|Any CPU.Deploy.0 = Release|Any CPU
	EndGlobalSection
	GlobalSection(SolutionProperties) = preSolution
		HideSolutionNode = FALSE
	EndGlobalSection
EndGlobal
