
Microsoft Visual Studio Solution File, Format Version 12.00
# Visual Studio 15
VisualStudioVersion = 15.0.28010.2041
MinimumVisualStudioVersion = 10.0.40219.1
Project("{FAE04EC0-301F-11D3-BF4B-00C04F79EFBC}") = "EnglishPlayer", "EnglishPlayer\EnglishPlayer\EnglishPlayer.csproj", "{E8115522-9807-4C84-9FAE-BA6040995D81}"
EndProject
Project("{FAE04EC0-301F-11D3-BF4B-00C04F79EFBC}") = "EnglishPlayer.Android", "EnglishPlayer\EnglishPlayer.Android\EnglishPlayer.Android.csproj", "{81D7DC6C-4D67-4E5F-AEB3-B7741B0F8052}"
EndProject
Project("{FAE04EC0-301F-11D3-BF4B-00C04F79EFBC}") = "EnglishPlayer.iOS", "EnglishPlayer\EnglishPlayer.iOS\EnglishPlayer.iOS.csproj", "{614FFCA4-DF08-4AB4-B73D-2C9209751ED7}"
EndProject
Project("{FAE04EC0-301F-11D3-BF4B-00C04F79EFBC}") = "EnglishPlayer.UWP", "EnglishPlayer\EnglishPlayer.UWP\EnglishPlayer.UWP.csproj", "{A7D8AE83-D9F4-4FAC-B2FB-0D7B34391B80}"
EndProject
Global
	GlobalSection(SolutionConfigurationPlatforms) = preSolution
		Ad-Hoc|Any CPU = Ad-Hoc|Any CPU
		Ad-Hoc|ARM = Ad-Hoc|ARM
		Ad-Hoc|iPhone = Ad-Hoc|iPhone
		Ad-Hoc|iPhoneSimulator = Ad-Hoc|iPhoneSimulator
		Ad-Hoc|x64 = Ad-Hoc|x64
		Ad-Hoc|x86 = Ad-Hoc|x86
		AppStore|Any CPU = AppStore|Any CPU
		AppStore|ARM = AppStore|ARM
		AppStore|iPhone = AppStore|iPhone
		AppStore|iPhoneSimulator = AppStore|iPhoneSimulator
		AppStore|x64 = AppStore|x64
		AppStore|x86 = AppStore|x86
		Debug|Any CPU = Debug|Any CPU
		Debug|ARM = Debug|ARM
		Debug|iPhone = Debug|iPhone
		Debug|iPhoneSimulator = Debug|iPhoneSimulator
		Debug|x64 = Debug|x64
		Debug|x86 = Debug|x86
		Release|Any CPU = Release|Any CPU
		Release|ARM = Release|ARM
		Release|iPhone = Release|iPhone
		Release|iPhoneSimulator = Release|iPhoneSimulator
		Release|x64 = Release|x64
		Release|x86 = Release|x86
	EndGlobalSection
	GlobalSection(ProjectConfigurationPlatforms) = postSolution
		{E8115522-9807-4C84-9FAE-BA6040995D81}.Ad-Hoc|Any CPU.ActiveCfg = Debug|Any CPU
		{E8115522-9807-4C84-9FAE-BA6040995D81}.Ad-Hoc|Any CPU.Build.0 = Debug|Any CPU
		{E8115522-9807-4C84-9FAE-BA6040995D81}.Ad-Hoc|ARM.ActiveCfg = Debug|Any CPU
		{E8115522-9807-4C84-9FAE-BA6040995D81}.Ad-Hoc|ARM.Build.0 = Debug|Any CPU
		{E8115522-9807-4C84-9FAE-BA6040995D81}.Ad-Hoc|iPhone.ActiveCfg = Debug|Any CPU
		{E8115522-9807-4C84-9FAE-BA6040995D81}.Ad-Hoc|iPhone.Build.0 = Debug|Any CPU
		{E8115522-9807-4C84-9FAE-BA6040995D81}.Ad-Hoc|iPhoneSimulator.ActiveCfg = Debug|Any CPU
		{E8115522-9807-4C84-9FAE-BA6040995D81}.Ad-Hoc|iPhoneSimulator.Build.0 = Debug|Any CPU
		{E8115522-9807-4C84-9FAE-BA6040995D81}.Ad-Hoc|x64.ActiveCfg = Debug|Any CPU
		{E8115522-9807-4C84-9FAE-BA6040995D81}.Ad-Hoc|x64.Build.0 = Debug|Any CPU
		{E8115522-9807-4C84-9FAE-BA6040995D81}.Ad-Hoc|x86.ActiveCfg = Debug|Any CPU
		{E8115522-9807-4C84-9FAE-BA6040995D81}.Ad-Hoc|x86.Build.0 = Debug|Any CPU
		{E8115522-9807-4C84-9FAE-BA6040995D81}.AppStore|Any CPU.ActiveCfg = Debug|Any CPU
		{E8115522-9807-4C84-9FAE-BA6040995D81}.AppStore|Any CPU.Build.0 = Debug|Any CPU
		{E8115522-9807-4C84-9FAE-BA6040995D81}.AppStore|ARM.ActiveCfg = Debug|Any CPU
		{E8115522-9807-4C84-9FAE-BA6040995D81}.AppStore|ARM.Build.0 = Debug|Any CPU
		{E8115522-9807-4C84-9FAE-BA6040995D81}.AppStore|iPhone.ActiveCfg = Debug|Any CPU
		{E8115522-9807-4C84-9FAE-BA6040995D81}.AppStore|iPhone.Build.0 = Debug|Any CPU
		{E8115522-9807-4C84-9FAE-BA6040995D81}.AppStore|iPhoneSimulator.ActiveCfg = Debug|Any CPU
		{E8115522-9807-4C84-9FAE-BA6040995D81}.AppStore|iPhoneSimulator.Build.0 = Debug|Any CPU
		{E8115522-9807-4C84-9FAE-BA6040995D81}.AppStore|x64.ActiveCfg = Debug|Any CPU
		{E8115522-9807-4C84-9FAE-BA6040995D81}.AppStore|x64.Build.0 = Debug|Any CPU
		{E8115522-9807-4C84-9FAE-BA6040995D81}.AppStore|x86.ActiveCfg = Debug|Any CPU
		{E8115522-9807-4C84-9FAE-BA6040995D81}.AppStore|x86.Build.0 = Debug|Any CPU
		{E8115522-9807-4C84-9FAE-BA6040995D81}.Debug|Any CPU.ActiveCfg = Debug|Any CPU
		{E8115522-9807-4C84-9FAE-BA6040995D81}.Debug|Any CPU.Build.0 = Debug|Any CPU
		{E8115522-9807-4C84-9FAE-BA6040995D81}.Debug|ARM.ActiveCfg = Debug|Any CPU
		{E8115522-9807-4C84-9FAE-BA6040995D81}.Debug|ARM.Build.0 = Debug|Any CPU
		{E8115522-9807-4C84-9FAE-BA6040995D81}.Debug|iPhone.ActiveCfg = Debug|Any CPU
		{E8115522-9807-4C84-9FAE-BA6040995D81}.Debug|iPhone.Build.0 = Debug|Any CPU
		{E8115522-9807-4C84-9FAE-BA6040995D81}.Debug|iPhoneSimulator.ActiveCfg = Debug|Any CPU
		{E8115522-9807-4C84-9FAE-BA6040995D81}.Debug|iPhoneSimulator.Build.0 = Debug|Any CPU
		{E8115522-9807-4C84-9FAE-BA6040995D81}.Debug|x64.ActiveCfg = Debug|Any CPU
		{E8115522-9807-4C84-9FAE-BA6040995D81}.Debug|x64.Build.0 = Debug|Any CPU
		{E8115522-9807-4C84-9FAE-BA6040995D81}.Debug|x86.ActiveCfg = Debug|Any CPU
		{E8115522-9807-4C84-9FAE-BA6040995D81}.Debug|x86.Build.0 = Debug|Any CPU
		{E8115522-9807-4C84-9FAE-BA6040995D81}.Release|Any CPU.ActiveCfg = Release|Any CPU
		{E8115522-9807-4C84-9FAE-BA6040995D81}.Release|Any CPU.Build.0 = Release|Any CPU
		{E8115522-9807-4C84-9FAE-BA6040995D81}.Release|ARM.ActiveCfg = Release|Any CPU
		{E8115522-9807-4C84-9FAE-BA6040995D81}.Release|ARM.Build.0 = Release|Any CPU
		{E8115522-9807-4C84-9FAE-BA6040995D81}.Release|iPhone.ActiveCfg = Release|Any CPU
		{E8115522-9807-4C84-9FAE-BA6040995D81}.Release|iPhone.Build.0 = Release|Any CPU
		{E8115522-9807-4C84-9FAE-BA6040995D81}.Release|iPhoneSimulator.ActiveCfg = Release|Any CPU
		{E8115522-9807-4C84-9FAE-BA6040995D81}.Release|iPhoneSimulator.Build.0 = Release|Any CPU
		{E8115522-9807-4C84-9FAE-BA6040995D81}.Release|x64.ActiveCfg = Release|Any CPU
		{E8115522-9807-4C84-9FAE-BA6040995D81}.Release|x64.Build.0 = Release|Any CPU
		{E8115522-9807-4C84-9FAE-BA6040995D81}.Release|x86.ActiveCfg = Release|Any CPU
		{E8115522-9807-4C84-9FAE-BA6040995D81}.Release|x86.Build.0 = Release|Any CPU
		{81D7DC6C-4D67-4E5F-AEB3-B7741B0F8052}.Ad-Hoc|Any CPU.ActiveCfg = Release|Any CPU
		{81D7DC6C-4D67-4E5F-AEB3-B7741B0F8052}.Ad-Hoc|Any CPU.Build.0 = Release|Any CPU
		{81D7DC6C-4D67-4E5F-AEB3-B7741B0F8052}.Ad-Hoc|Any CPU.Deploy.0 = Release|Any CPU
		{81D7DC6C-4D67-4E5F-AEB3-B7741B0F8052}.Ad-Hoc|ARM.ActiveCfg = Release|Any CPU
		{81D7DC6C-4D67-4E5F-AEB3-B7741B0F8052}.Ad-Hoc|ARM.Build.0 = Release|Any CPU
		{81D7DC6C-4D67-4E5F-AEB3-B7741B0F8052}.Ad-Hoc|ARM.Deploy.0 = Release|Any CPU
		{81D7DC6C-4D67-4E5F-AEB3-B7741B0F8052}.Ad-Hoc|iPhone.ActiveCfg = Release|Any CPU
		{81D7DC6C-4D67-4E5F-AEB3-B7741B0F8052}.Ad-Hoc|iPhone.Build.0 = Release|Any CPU
		{81D7DC6C-4D67-4E5F-AEB3-B7741B0F8052}.Ad-Hoc|iPhone.Deploy.0 = Release|Any CPU
		{81D7DC6C-4D67-4E5F-AEB3-B7741B0F8052}.Ad-Hoc|iPhoneSimulator.ActiveCfg = Release|Any CPU
		{81D7DC6C-4D67-4E5F-AEB3-B7741B0F8052}.Ad-Hoc|iPhoneSimulator.Build.0 = Release|Any CPU
		{81D7DC6C-4D67-4E5F-AEB3-B7741B0F8052}.Ad-Hoc|iPhoneSimulator.Deploy.0 = Release|Any CPU
		{81D7DC6C-4D67-4E5F-AEB3-B7741B0F8052}.Ad-Hoc|x64.ActiveCfg = Release|Any CPU
		{81D7DC6C-4D67-4E5F-AEB3-B7741B0F8052}.Ad-Hoc|x64.Build.0 = Release|Any CPU
		{81D7DC6C-4D67-4E5F-AEB3-B7741B0F8052}.Ad-Hoc|x64.Deploy.0 = Release|Any CPU
		{81D7DC6C-4D67-4E5F-AEB3-B7741B0F8052}.Ad-Hoc|x86.ActiveCfg = Release|Any CPU
		{81D7DC6C-4D67-4E5F-AEB3-B7741B0F8052}.Ad-Hoc|x86.Build.0 = Release|Any CPU
		{81D7DC6C-4D67-4E5F-AEB3-B7741B0F8052}.Ad-Hoc|x86.Deploy.0 = Release|Any CPU
		{81D7DC6C-4D67-4E5F-AEB3-B7741B0F8052}.AppStore|Any CPU.ActiveCfg = Release|Any CPU
		{81D7DC6C-4D67-4E5F-AEB3-B7741B0F8052}.AppStore|Any CPU.Build.0 = Release|Any CPU
		{81D7DC6C-4D67-4E5F-AEB3-B7741B0F8052}.AppStore|Any CPU.Deploy.0 = Release|Any CPU
		{81D7DC6C-4D67-4E5F-AEB3-B7741B0F8052}.AppStore|ARM.ActiveCfg = Release|Any CPU
		{81D7DC6C-4D67-4E5F-AEB3-B7741B0F8052}.AppStore|ARM.Build.0 = Release|Any CPU
		{81D7DC6C-4D67-4E5F-AEB3-B7741B0F8052}.AppStore|ARM.Deploy.0 = Release|Any CPU
		{81D7DC6C-4D67-4E5F-AEB3-B7741B0F8052}.AppStore|iPhone.ActiveCfg = Release|Any CPU
		{81D7DC6C-4D67-4E5F-AEB3-B7741B0F8052}.AppStore|iPhone.Build.0 = Release|Any CPU
		{81D7DC6C-4D67-4E5F-AEB3-B7741B0F8052}.AppStore|iPhone.Deploy.0 = Release|Any CPU
		{81D7DC6C-4D67-4E5F-AEB3-B7741B0F8052}.AppStore|iPhoneSimulator.ActiveCfg = Release|Any CPU
		{81D7DC6C-4D67-4E5F-AEB3-B7741B0F8052}.AppStore|iPhoneSimulator.Build.0 = Release|Any CPU
		{81D7DC6C-4D67-4E5F-AEB3-B7741B0F8052}.AppStore|iPhoneSimulator.Deploy.0 = Release|Any CPU
		{81D7DC6C-4D67-4E5F-AEB3-B7741B0F8052}.AppStore|x64.ActiveCfg = Release|Any CPU
		{81D7DC6C-4D67-4E5F-AEB3-B7741B0F8052}.AppStore|x64.Build.0 = Release|Any CPU
		{81D7DC6C-4D67-4E5F-AEB3-B7741B0F8052}.AppStore|x64.Deploy.0 = Release|Any CPU
		{81D7DC6C-4D67-4E5F-AEB3-B7741B0F8052}.AppStore|x86.ActiveCfg = Release|Any CPU
		{81D7DC6C-4D67-4E5F-AEB3-B7741B0F8052}.AppStore|x86.Build.0 = Release|Any CPU
		{81D7DC6C-4D67-4E5F-AEB3-B7741B0F8052}.AppStore|x86.Deploy.0 = Release|Any CPU
		{81D7DC6C-4D67-4E5F-AEB3-B7741B0F8052}.Debug|Any CPU.ActiveCfg = Debug|Any CPU
		{81D7DC6C-4D67-4E5F-AEB3-B7741B0F8052}.Debug|Any CPU.Build.0 = Debug|Any CPU
		{81D7DC6C-4D67-4E5F-AEB3-B7741B0F8052}.Debug|Any CPU.Deploy.0 = Debug|Any CPU
		{81D7DC6C-4D67-4E5F-AEB3-B7741B0F8052}.Debug|ARM.ActiveCfg = Debug|Any CPU
		{81D7DC6C-4D67-4E5F-AEB3-B7741B0F8052}.Debug|ARM.Build.0 = Debug|Any CPU
		{81D7DC6C-4D67-4E5F-AEB3-B7741B0F8052}.Debug|ARM.Deploy.0 = Debug|Any CPU
		{81D7DC6C-4D67-4E5F-AEB3-B7741B0F8052}.Debug|iPhone.ActiveCfg = Debug|Any CPU
		{81D7DC6C-4D67-4E5F-AEB3-B7741B0F8052}.Debug|iPhone.Build.0 = Debug|Any CPU
		{81D7DC6C-4D67-4E5F-AEB3-B7741B0F8052}.Debug|iPhone.Deploy.0 = Debug|Any CPU
		{81D7DC6C-4D67-4E5F-AEB3-B7741B0F8052}.Debug|iPhoneSimulator.ActiveCfg = Debug|Any CPU
		{81D7DC6C-4D67-4E5F-AEB3-B7741B0F8052}.Debug|iPhoneSimulator.Build.0 = Debug|Any CPU
		{81D7DC6C-4D67-4E5F-AEB3-B7741B0F8052}.Debug|iPhoneSimulator.Deploy.0 = Debug|Any CPU
		{81D7DC6C-4D67-4E5F-AEB3-B7741B0F8052}.Debug|x64.ActiveCfg = Debug|Any CPU
		{81D7DC6C-4D67-4E5F-AEB3-B7741B0F8052}.Debug|x64.Build.0 = Debug|Any CPU
		{81D7DC6C-4D67-4E5F-AEB3-B7741B0F8052}.Debug|x64.Deploy.0 = Debug|Any CPU
		{81D7DC6C-4D67-4E5F-AEB3-B7741B0F8052}.Debug|x86.ActiveCfg = Debug|Any CPU
		{81D7DC6C-4D67-4E5F-AEB3-B7741B0F8052}.Debug|x86.Build.0 = Debug|Any CPU
		{81D7DC6C-4D67-4E5F-AEB3-B7741B0F8052}.Debug|x86.Deploy.0 = Debug|Any CPU
		{81D7DC6C-4D67-4E5F-AEB3-B7741B0F8052}.Release|Any CPU.ActiveCfg = Release|Any CPU
		{81D7DC6C-4D67-4E5F-AEB3-B7741B0F8052}.Release|Any CPU.Build.0 = Release|Any CPU
		{81D7DC6C-4D67-4E5F-AEB3-B7741B0F8052}.Release|Any CPU.Deploy.0 = Release|Any CPU
		{81D7DC6C-4D67-4E5F-AEB3-B7741B0F8052}.Release|ARM.ActiveCfg = Release|Any CPU
		{81D7DC6C-4D67-4E5F-AEB3-B7741B0F8052}.Release|ARM.Build.0 = Release|Any CPU
		{81D7DC6C-4D67-4E5F-AEB3-B7741B0F8052}.Release|ARM.Deploy.0 = Release|Any CPU
		{81D7DC6C-4D67-4E5F-AEB3-B7741B0F8052}.Release|iPhone.ActiveCfg = Release|Any CPU
		{81D7DC6C-4D67-4E5F-AEB3-B7741B0F8052}.Release|iPhone.Build.0 = Release|Any CPU
		{81D7DC6C-4D67-4E5F-AEB3-B7741B0F8052}.Release|iPhone.Deploy.0 = Release|Any CPU
		{81D7DC6C-4D67-4E5F-AEB3-B7741B0F8052}.Release|iPhoneSimulator.ActiveCfg = Release|Any CPU
		{81D7DC6C-4D67-4E5F-AEB3-B7741B0F8052}.Release|iPhoneSimulator.Build.0 = Release|Any CPU
		{81D7DC6C-4D67-4E5F-AEB3-B7741B0F8052}.Release|iPhoneSimulator.Deploy.0 = Release|Any CPU
		{81D7DC6C-4D67-4E5F-AEB3-B7741B0F8052}.Release|x64.ActiveCfg = Release|Any CPU
		{81D7DC6C-4D67-4E5F-AEB3-B7741B0F8052}.Release|x64.Build.0 = Release|Any CPU
		{81D7DC6C-4D67-4E5F-AEB3-B7741B0F8052}.Release|x64.Deploy.0 = Release|Any CPU
		{81D7DC6C-4D67-4E5F-AEB3-B7741B0F8052}.Release|x86.ActiveCfg = Release|Any CPU
		{81D7DC6C-4D67-4E5F-AEB3-B7741B0F8052}.Release|x86.Build.0 = Release|Any CPU
		{81D7DC6C-4D67-4E5F-AEB3-B7741B0F8052}.Release|x86.Deploy.0 = Release|Any CPU
		{614FFCA4-DF08-4AB4-B73D-2C9209751ED7}.Ad-Hoc|Any CPU.ActiveCfg = Ad-Hoc|iPhone
		{614FFCA4-DF08-4AB4-B73D-2C9209751ED7}.Ad-Hoc|ARM.ActiveCfg = Ad-Hoc|iPhone
		{614FFCA4-DF08-4AB4-B73D-2C9209751ED7}.Ad-Hoc|iPhone.ActiveCfg = Ad-Hoc|iPhone
		{614FFCA4-DF08-4AB4-B73D-2C9209751ED7}.Ad-Hoc|iPhone.Build.0 = Ad-Hoc|iPhone
		{614FFCA4-DF08-4AB4-B73D-2C9209751ED7}.Ad-Hoc|iPhoneSimulator.ActiveCfg = Ad-Hoc|iPhoneSimulator
		{614FFCA4-DF08-4AB4-B73D-2C9209751ED7}.Ad-Hoc|iPhoneSimulator.Build.0 = Ad-Hoc|iPhoneSimulator
		{614FFCA4-DF08-4AB4-B73D-2C9209751ED7}.Ad-Hoc|x64.ActiveCfg = Ad-Hoc|iPhone
		{614FFCA4-DF08-4AB4-B73D-2C9209751ED7}.Ad-Hoc|x86.ActiveCfg = Ad-Hoc|iPhone
		{614FFCA4-DF08-4AB4-B73D-2C9209751ED7}.AppStore|Any CPU.ActiveCfg = AppStore|iPhone
		{614FFCA4-DF08-4AB4-B73D-2C9209751ED7}.AppStore|ARM.ActiveCfg = AppStore|iPhone
		{614FFCA4-DF08-4AB4-B73D-2C9209751ED7}.AppStore|iPhone.ActiveCfg = AppStore|iPhone
		{614FFCA4-DF08-4AB4-B73D-2C9209751ED7}.AppStore|iPhone.Build.0 = AppStore|iPhone
		{614FFCA4-DF08-4AB4-B73D-2C9209751ED7}.AppStore|iPhoneSimulator.ActiveCfg = AppStore|iPhoneSimulator
		{614FFCA4-DF08-4AB4-B73D-2C9209751ED7}.AppStore|iPhoneSimulator.Build.0 = AppStore|iPhoneSimulator
		{614FFCA4-DF08-4AB4-B73D-2C9209751ED7}.AppStore|x64.ActiveCfg = AppStore|iPhone
		{614FFCA4-DF08-4AB4-B73D-2C9209751ED7}.AppStore|x86.ActiveCfg = AppStore|iPhone
		{614FFCA4-DF08-4AB4-B73D-2C9209751ED7}.Debug|Any CPU.ActiveCfg = Debug|iPhone
		{614FFCA4-DF08-4AB4-B73D-2C9209751ED7}.Debug|ARM.ActiveCfg = Debug|iPhone
		{614FFCA4-DF08-4AB4-B73D-2C9209751ED7}.Debug|iPhone.ActiveCfg = Debug|iPhone
		{614FFCA4-DF08-4AB4-B73D-2C9209751ED7}.Debug|iPhone.Build.0 = Debug|iPhone
		{614FFCA4-DF08-4AB4-B73D-2C9209751ED7}.Debug|iPhoneSimulator.ActiveCfg = Debug|iPhoneSimulator
		{614FFCA4-DF08-4AB4-B73D-2C9209751ED7}.Debug|iPhoneSimulator.Build.0 = Debug|iPhoneSimulator
		{614FFCA4-DF08-4AB4-B73D-2C9209751ED7}.Debug|x64.ActiveCfg = Debug|iPhone
		{614FFCA4-DF08-4AB4-B73D-2C9209751ED7}.Debug|x86.ActiveCfg = Debug|iPhone
		{614FFCA4-DF08-4AB4-B73D-2C9209751ED7}.Release|Any CPU.ActiveCfg = Release|iPhone
		{614FFCA4-DF08-4AB4-B73D-2C9209751ED7}.Release|ARM.ActiveCfg = Release|iPhone
		{614FFCA4-DF08-4AB4-B73D-2C9209751ED7}.Release|iPhone.ActiveCfg = Release|iPhone
		{614FFCA4-DF08-4AB4-B73D-2C9209751ED7}.Release|iPhone.Build.0 = Release|iPhone
		{614FFCA4-DF08-4AB4-B73D-2C9209751ED7}.Release|iPhoneSimulator.ActiveCfg = Release|iPhoneSimulator
		{614FFCA4-DF08-4AB4-B73D-2C9209751ED7}.Release|iPhoneSimulator.Build.0 = Release|iPhoneSimulator
		{614FFCA4-DF08-4AB4-B73D-2C9209751ED7}.Release|x64.ActiveCfg = Release|iPhone
		{614FFCA4-DF08-4AB4-B73D-2C9209751ED7}.Release|x86.ActiveCfg = Release|iPhone
		{A7D8AE83-D9F4-4FAC-B2FB-0D7B34391B80}.Ad-Hoc|Any CPU.ActiveCfg = Release|x86
		{A7D8AE83-D9F4-4FAC-B2FB-0D7B34391B80}.Ad-Hoc|Any CPU.Build.0 = Release|x86
		{A7D8AE83-D9F4-4FAC-B2FB-0D7B34391B80}.Ad-Hoc|Any CPU.Deploy.0 = Release|x86
		{A7D8AE83-D9F4-4FAC-B2FB-0D7B34391B80}.Ad-Hoc|ARM.ActiveCfg = Release|ARM
		{A7D8AE83-D9F4-4FAC-B2FB-0D7B34391B80}.Ad-Hoc|ARM.Build.0 = Release|ARM
		{A7D8AE83-D9F4-4FAC-B2FB-0D7B34391B80}.Ad-Hoc|ARM.Deploy.0 = Release|ARM
		{A7D8AE83-D9F4-4FAC-B2FB-0D7B34391B80}.Ad-Hoc|iPhone.ActiveCfg = Release|x86
		{A7D8AE83-D9F4-4FAC-B2FB-0D7B34391B80}.Ad-Hoc|iPhone.Build.0 = Release|x86
		{A7D8AE83-D9F4-4FAC-B2FB-0D7B34391B80}.Ad-Hoc|iPhone.Deploy.0 = Release|x86
		{A7D8AE83-D9F4-4FAC-B2FB-0D7B34391B80}.Ad-Hoc|iPhoneSimulator.ActiveCfg = Release|x86
		{A7D8AE83-D9F4-4FAC-B2FB-0D7B34391B80}.Ad-Hoc|iPhoneSimulator.Build.0 = Release|x86
		{A7D8AE83-D9F4-4FAC-B2FB-0D7B34391B80}.Ad-Hoc|iPhoneSimulator.Deploy.0 = Release|x86
		{A7D8AE83-D9F4-4FAC-B2FB-0D7B34391B80}.Ad-Hoc|x64.ActiveCfg = Release|x64
		{A7D8AE83-D9F4-4FAC-B2FB-0D7B34391B80}.Ad-Hoc|x64.Build.0 = Release|x64
		{A7D8AE83-D9F4-4FAC-B2FB-0D7B34391B80}.Ad-Hoc|x64.Deploy.0 = Release|x64
		{A7D8AE83-D9F4-4FAC-B2FB-0D7B34391B80}.Ad-Hoc|x86.ActiveCfg = Release|x86
		{A7D8AE83-D9F4-4FAC-B2FB-0D7B34391B80}.Ad-Hoc|x86.Build.0 = Release|x86
		{A7D8AE83-D9F4-4FAC-B2FB-0D7B34391B80}.Ad-Hoc|x86.Deploy.0 = Release|x86
		{A7D8AE83-D9F4-4FAC-B2FB-0D7B34391B80}.AppStore|Any CPU.ActiveCfg = Release|x86
		{A7D8AE83-D9F4-4FAC-B2FB-0D7B34391B80}.AppStore|Any CPU.Build.0 = Release|x86
		{A7D8AE83-D9F4-4FAC-B2FB-0D7B34391B80}.AppStore|Any CPU.Deploy.0 = Release|x86
		{A7D8AE83-D9F4-4FAC-B2FB-0D7B34391B80}.AppStore|ARM.ActiveCfg = Release|ARM
		{A7D8AE83-D9F4-4FAC-B2FB-0D7B34391B80}.AppStore|ARM.Build.0 = Release|ARM
		{A7D8AE83-D9F4-4FAC-B2FB-0D7B34391B80}.AppStore|ARM.Deploy.0 = Release|ARM
		{A7D8AE83-D9F4-4FAC-B2FB-0D7B34391B80}.AppStore|iPhone.ActiveCfg = Release|x86
		{A7D8AE83-D9F4-4FAC-B2FB-0D7B34391B80}.AppStore|iPhone.Build.0 = Release|x86
		{A7D8AE83-D9F4-4FAC-B2FB-0D7B34391B80}.AppStore|iPhone.Deploy.0 = Release|x86
		{A7D8AE83-D9F4-4FAC-B2FB-0D7B34391B80}.AppStore|iPhoneSimulator.ActiveCfg = Release|x86
		{A7D8AE83-D9F4-4FAC-B2FB-0D7B34391B80}.AppStore|iPhoneSimulator.Build.0 = Release|x86
		{A7D8AE83-D9F4-4FAC-B2FB-0D7B34391B80}.AppStore|iPhoneSimulator.Deploy.0 = Release|x86
		{A7D8AE83-D9F4-4FAC-B2FB-0D7B34391B80}.AppStore|x64.ActiveCfg = Release|x64
		{A7D8AE83-D9F4-4FAC-B2FB-0D7B34391B80}.AppStore|x64.Build.0 = Release|x64
		{A7D8AE83-D9F4-4FAC-B2FB-0D7B34391B80}.AppStore|x64.Deploy.0 = Release|x64
		{A7D8AE83-D9F4-4FAC-B2FB-0D7B34391B80}.AppStore|x86.ActiveCfg = Release|x86
		{A7D8AE83-D9F4-4FAC-B2FB-0D7B34391B80}.AppStore|x86.Build.0 = Release|x86
		{A7D8AE83-D9F4-4FAC-B2FB-0D7B34391B80}.AppStore|x86.Deploy.0 = Release|x86
		{A7D8AE83-D9F4-4FAC-B2FB-0D7B34391B80}.Debug|Any CPU.ActiveCfg = Debug|x86
		{A7D8AE83-D9F4-4FAC-B2FB-0D7B34391B80}.Debug|ARM.ActiveCfg = Debug|ARM
		{A7D8AE83-D9F4-4FAC-B2FB-0D7B34391B80}.Debug|ARM.Build.0 = Debug|ARM
		{A7D8AE83-D9F4-4FAC-B2FB-0D7B34391B80}.Debug|ARM.Deploy.0 = Debug|ARM
		{A7D8AE83-D9F4-4FAC-B2FB-0D7B34391B80}.Debug|iPhone.ActiveCfg = Debug|x86
		{A7D8AE83-D9F4-4FAC-B2FB-0D7B34391B80}.Debug|iPhoneSimulator.ActiveCfg = Debug|x86
		{A7D8AE83-D9F4-4FAC-B2FB-0D7B34391B80}.Debug|x64.ActiveCfg = Debug|x64
		{A7D8AE83-D9F4-4FAC-B2FB-0D7B34391B80}.Debug|x64.Build.0 = Debug|x64
		{A7D8AE83-D9F4-4FAC-B2FB-0D7B34391B80}.Debug|x64.Deploy.0 = Debug|x64
		{A7D8AE83-D9F4-4FAC-B2FB-0D7B34391B80}.Debug|x86.ActiveCfg = Debug|x86
		{A7D8AE83-D9F4-4FAC-B2FB-0D7B34391B80}.Debug|x86.Build.0 = Debug|x86
		{A7D8AE83-D9F4-4FAC-B2FB-0D7B34391B80}.Debug|x86.Deploy.0 = Debug|x86
		{A7D8AE83-D9F4-4FAC-B2FB-0D7B34391B80}.Release|Any CPU.ActiveCfg = Release|x86
		{A7D8AE83-D9F4-4FAC-B2FB-0D7B34391B80}.Release|ARM.ActiveCfg = Release|ARM
		{A7D8AE83-D9F4-4FAC-B2FB-0D7B34391B80}.Release|ARM.Build.0 = Release|ARM
		{A7D8AE83-D9F4-4FAC-B2FB-0D7B34391B80}.Release|ARM.Deploy.0 = Release|ARM
		{A7D8AE83-D9F4-4FAC-B2FB-0D7B34391B80}.Release|iPhone.ActiveCfg = Release|x86
		{A7D8AE83-D9F4-4FAC-B2FB-0D7B34391B80}.Release|iPhoneSimulator.ActiveCfg = Release|x86
		{A7D8AE83-D9F4-4FAC-B2FB-0D7B34391B80}.Release|x64.ActiveCfg = Release|x64
		{A7D8AE83-D9F4-4FAC-B2FB-0D7B34391B80}.Release|x64.Build.0 = Release|x64
		{A7D8AE83-D9F4-4FAC-B2FB-0D7B34391B80}.Release|x64.Deploy.0 = Release|x64
		{A7D8AE83-D9F4-4FAC-B2FB-0D7B34391B80}.Release|x86.ActiveCfg = Release|x86
		{A7D8AE83-D9F4-4FAC-B2FB-0D7B34391B80}.Release|x86.Build.0 = Release|x86
		{A7D8AE83-D9F4-4FAC-B2FB-0D7B34391B80}.Release|x86.Deploy.0 = Release|x86
	EndGlobalSection
	GlobalSection(SolutionProperties) = preSolution
		HideSolutionNode = FALSE
	EndGlobalSection
	GlobalSection(ExtensibilityGlobals) = postSolution
		SolutionGuid = {C8846D7C-26C7-4F46-9848-B5AE88F44A02}
	EndGlobalSection
EndGlobal
